Microsoft Visual Studio Solution File, Format Version 12.00
# Visual Studio 2012
Project("{FAE04EC0-301F-11D3-BF4B-00C04F79EFBC}") = "CSE870 BPS Prototype", "CSE870 BPS Prototype.csproj", "{DC0905B7-0FF6-4FE6-AFA6-CCB132B03377}"
EndProject
Global
	GlobalSection(SolutionConfigurationPlatforms) = preSolution
	Debug|Any CPU = Debug|Any CPU
	ExportDebug|Any CPU = ExportDebug|Any CPU
	ExportRelease|Any CPU = ExportRelease|Any CPU
	EndGlobalSection
	GlobalSection(ProjectConfigurationPlatforms) = postSolution
		{DC0905B7-0FF6-4FE6-AFA6-CCB132B03377}.Debug|Any CPU.ActiveCfg = Debug|Any CPU
		{DC0905B7-0FF6-4FE6-AFA6-CCB132B03377}.Debug|Any CPU.Build.0 = Debug|Any CPU
		{DC0905B7-0FF6-4FE6-AFA6-CCB132B03377}.ExportDebug|Any CPU.ActiveCfg = ExportDebug|Any CPU
		{DC0905B7-0FF6-4FE6-AFA6-CCB132B03377}.ExportDebug|Any CPU.Build.0 = ExportDebug|Any CPU
		{DC0905B7-0FF6-4FE6-AFA6-CCB132B03377}.ExportRelease|Any CPU.ActiveCfg = ExportRelease|Any CPU
		{DC0905B7-0FF6-4FE6-AFA6-CCB132B03377}.ExportRelease|Any CPU.Build.0 = ExportRelease|Any CPU
	EndGlobalSection
EndGlobal
